
Microsoft Visual Studio Solution File, Format Version 12.00
# Visual Studio Version 17
VisualStudioVersion = 17.3.32825.248
MinimumVisualStudioVersion = 10.0.40219.1
Project("{FAE04EC0-301F-11D3-BF4B-00C04F79EFBC}") = "Module2HW4", "Module2HW4\Module2HW4.csproj", "{8BD5040E-B55D-443C-868E-F0CDDA332F5B}"
EndProject
Project("{9A19103F-16F7-4668-BE54-9A1E7A4F7556}") = "Core", "Core\Core.csproj", "{803BC7E4-1E66-4A6A-9972-B1FB9C34BDBD}"
EndProject
Global
	GlobalSection(SolutionConfigurationPlatforms) = preSolution
		Debug|Any CPU = Debug|Any CPU
		Release|Any CPU = Release|Any CPU
	EndGlobalSection
	GlobalSection(ProjectConfigurationPlatforms) = postSolution
		{8BD5040E-B55D-443C-868E-F0CDDA332F5B}.Debug|Any CPU.ActiveCfg = Debug|Any CPU
		{8BD5040E-B55D-443C-868E-F0CDDA332F5B}.Debug|Any CPU.Build.0 = Debug|Any CPU
		{8BD5040E-B55D-443C-868E-F0CDDA332F5B}.Release|Any CPU.ActiveCfg = Release|Any CPU
		{8BD5040E-B55D-443C-868E-F0CDDA332F5B}.Release|Any CPU.Build.0 = Release|Any CPU
		{803BC7E4-1E66-4A6A-9972-B1FB9C34BDBD}.Debug|Any CPU.ActiveCfg = Debug|Any CPU
		{803BC7E4-1E66-4A6A-9972-B1FB9C34BDBD}.Debug|Any CPU.Build.0 = Debug|Any CPU
		{803BC7E4-1E66-4A6A-9972-B1FB9C34BDBD}.Release|Any CPU.ActiveCfg = Release|Any CPU
		{803BC7E4-1E66-4A6A-9972-B1FB9C34BDBD}.Release|Any CPU.Build.0 = Release|Any CPU
	EndGlobalSection
	GlobalSection(SolutionProperties) = preSolution
		HideSolutionNode = FALSE
	EndGlobalSection
	GlobalSection(ExtensibilityGlobals) = postSolution
		SolutionGuid = {A22A5E1C-40EF-4CD1-9190-2C4CFF8EB18A}
	EndGlobalSection
EndGlobal
